
Microsoft Visual Studio Solution File, Format Version 12.00
# Visual Studio Version 16
VisualStudioVersion = 16.0.30114.105
MinimumVisualStudioVersion = 10.0.40219.1
Project("{2150E333-8FDC-42A3-9474-1A3956D46DE8}") = "src", "src", "{6BAA9A7D-75C5-4FA8-9DA7-3FA9B4107FF9}"
EndProject
Project("{FAE04EC0-301F-11D3-BF4B-00C04F79EFBC}") = "DCA.DotNet.Extensions.OpenTelemetry.AspNetCore", "src\DCA.DotNet.Extensions.OpenTelemetry.AspNetCore\DCA.DotNet.Extensions.OpenTelemetry.AspNetCore.csproj", "{D2006558-9E85-4E95-8E93-F8AB29ABE0FB}"
EndProject
Project("{FAE04EC0-301F-11D3-BF4B-00C04F79EFBC}") = "DCA.DotNet.Extensions.Logging", "src\DCA.DotNet.Extensions.Logging\DCA.DotNet.Extensions.Logging.csproj", "{86CB79D6-496C-4AAE-875F-6DF17020C0EC}"
EndProject
Project("{2150E333-8FDC-42A3-9474-1A3956D46DE8}") = "test", "test", "{D6A2A1E6-6E94-4AE2-869E-537D55514A71}"
EndProject
Project("{FAE04EC0-301F-11D3-BF4B-00C04F79EFBC}") = "DCA.DotNet.Extensions.OpenTelemetry.AspNetCore.Test", "test\DCA.DotNet.Extensions.OpenTelemetry.AspNetCore.Test\DCA.DotNet.Extensions.OpenTelemetry.AspNetCore.Test.csproj", "{9208925E-6F48-46CC-90A4-2A4627FB44B6}"
EndProject
Project("{FAE04EC0-301F-11D3-BF4B-00C04F79EFBC}") = "TestApp", "test\TestApp\TestApp.csproj", "{6F1E82D3-36D3-406A-937D-DF06F5DD3320}"
EndProject
Project("{FAE04EC0-301F-11D3-BF4B-00C04F79EFBC}") = "DCA.DotNet.Extensions.BackgroundTask", "src\DCA.DotNet.Extensions.BackgroundTask\DCA.DotNet.Extensions.BackgroundTask.csproj", "{4540C316-7625-4398-8B06-962CAE054F6F}"
EndProject
Project("{FAE04EC0-301F-11D3-BF4B-00C04F79EFBC}") = "BackgroundTaskPerfTest", "test\BackgroundTaskPerfTest\BackgroundTaskPerfTest.csproj", "{3862759A-02AB-4259-8976-EB6BEB60B44D}"
EndProject
Global
	GlobalSection(SolutionConfigurationPlatforms) = preSolution
		Debug|Any CPU = Debug|Any CPU
		Release|Any CPU = Release|Any CPU
	EndGlobalSection
	GlobalSection(SolutionProperties) = preSolution
		HideSolutionNode = FALSE
	EndGlobalSection
	GlobalSection(ProjectConfigurationPlatforms) = postSolution
		{D2006558-9E85-4E95-8E93-F8AB29ABE0FB}.Debug|Any CPU.ActiveCfg = Debug|Any CPU
		{D2006558-9E85-4E95-8E93-F8AB29ABE0FB}.Debug|Any CPU.Build.0 = Debug|Any CPU
		{D2006558-9E85-4E95-8E93-F8AB29ABE0FB}.Release|Any CPU.ActiveCfg = Release|Any CPU
		{D2006558-9E85-4E95-8E93-F8AB29ABE0FB}.Release|Any CPU.Build.0 = Release|Any CPU
		{86CB79D6-496C-4AAE-875F-6DF17020C0EC}.Debug|Any CPU.ActiveCfg = Debug|Any CPU
		{86CB79D6-496C-4AAE-875F-6DF17020C0EC}.Debug|Any CPU.Build.0 = Debug|Any CPU
		{86CB79D6-496C-4AAE-875F-6DF17020C0EC}.Release|Any CPU.ActiveCfg = Release|Any CPU
		{86CB79D6-496C-4AAE-875F-6DF17020C0EC}.Release|Any CPU.Build.0 = Release|Any CPU
		{9208925E-6F48-46CC-90A4-2A4627FB44B6}.Debug|Any CPU.ActiveCfg = Debug|Any CPU
		{9208925E-6F48-46CC-90A4-2A4627FB44B6}.Debug|Any CPU.Build.0 = Debug|Any CPU
		{9208925E-6F48-46CC-90A4-2A4627FB44B6}.Release|Any CPU.ActiveCfg = Release|Any CPU
		{9208925E-6F48-46CC-90A4-2A4627FB44B6}.Release|Any CPU.Build.0 = Release|Any CPU
		{6F1E82D3-36D3-406A-937D-DF06F5DD3320}.Debug|Any CPU.ActiveCfg = Debug|Any CPU
		{6F1E82D3-36D3-406A-937D-DF06F5DD3320}.Debug|Any CPU.Build.0 = Debug|Any CPU
		{6F1E82D3-36D3-406A-937D-DF06F5DD3320}.Release|Any CPU.ActiveCfg = Release|Any CPU
		{6F1E82D3-36D3-406A-937D-DF06F5DD3320}.Release|Any CPU.Build.0 = Release|Any CPU
		{4540C316-7625-4398-8B06-962CAE054F6F}.Debug|Any CPU.ActiveCfg = Debug|Any CPU
		{4540C316-7625-4398-8B06-962CAE054F6F}.Debug|Any CPU.Build.0 = Debug|Any CPU
		{4540C316-7625-4398-8B06-962CAE054F6F}.Release|Any CPU.ActiveCfg = Release|Any CPU
		{4540C316-7625-4398-8B06-962CAE054F6F}.Release|Any CPU.Build.0 = Release|Any CPU
		{3862759A-02AB-4259-8976-EB6BEB60B44D}.Debug|Any CPU.ActiveCfg = Debug|Any CPU
		{3862759A-02AB-4259-8976-EB6BEB60B44D}.Debug|Any CPU.Build.0 = Debug|Any CPU
		{3862759A-02AB-4259-8976-EB6BEB60B44D}.Release|Any CPU.ActiveCfg = Release|Any CPU
		{3862759A-02AB-4259-8976-EB6BEB60B44D}.Release|Any CPU.Build.0 = Release|Any CPU
	EndGlobalSection
	GlobalSection(NestedProjects) = preSolution
		{D2006558-9E85-4E95-8E93-F8AB29ABE0FB} = {6BAA9A7D-75C5-4FA8-9DA7-3FA9B4107FF9}
		{86CB79D6-496C-4AAE-875F-6DF17020C0EC} = {6BAA9A7D-75C5-4FA8-9DA7-3FA9B4107FF9}
		{9208925E-6F48-46CC-90A4-2A4627FB44B6} = {D6A2A1E6-6E94-4AE2-869E-537D55514A71}
		{6F1E82D3-36D3-406A-937D-DF06F5DD3320} = {D6A2A1E6-6E94-4AE2-869E-537D55514A71}
		{4540C316-7625-4398-8B06-962CAE054F6F} = {6BAA9A7D-75C5-4FA8-9DA7-3FA9B4107FF9}
		{3862759A-02AB-4259-8976-EB6BEB60B44D} = {D6A2A1E6-6E94-4AE2-869E-537D55514A71}
	EndGlobalSection
EndGlobal
